{
  "version": "5",
  "specifiers": {
    "jsr:@deno/kv-utils@~0.1.3": "0.1.3",
    "jsr:@kitsonk/kv-toolbox@~0.28.1": "0.28.1",
    "jsr:@std/assert@1": "1.0.13",
    "jsr:@std/bytes@1": "1.0.6",
    "jsr:@std/bytes@^1.0.3": "1.0.6",
    "jsr:@std/cli@*": "1.0.19",
    "jsr:@std/crypto@1": "1.0.5",
    "jsr:@std/encoding@1": "1.0.10",
    "jsr:@std/encoding@^1.0.10": "1.0.10",
    "jsr:@std/encoding@^1.0.5": "1.0.10",
    "jsr:@std/media-types@1": "1.1.0",
    "npm:@atcute/atproto@^3.0.2": "3.1.0",
    "npm:@atcute/bluesky-threading@^5.0.3": "5.0.3",
    "npm:@atcute/client@^4.0.2": "4.0.3",
    "npm:@atcute/lexicons@^1.0.4": "1.0.4",
    "npm:@hono/zod-validator@0.5": "0.5.0_hono@4.7.11_zod@3.25.55",
    "npm:hono@^4.7.11": "4.7.11",
    "npm:limiter@3": "3.0.0",
    "npm:openai@^5.1.1": "5.1.1_zod@3.25.55",
    "npm:postmark@^4.0.5": "4.0.5",
    "npm:zod@^3.25.55": "3.25.55"
  },
  "jsr": {
    "@deno/kv-utils@0.1.3": {
      "integrity": "f3877510f82ce78a1946f6fc9727393d44421928c971572c18d90f9206448e98",
      "dependencies": [
        "jsr:@std/bytes@^1.0.3",
        "jsr:@std/encoding@^1.0.5"
      ]
    },
    "@kitsonk/kv-toolbox@0.28.1": {
      "integrity": "f0582d309de12da79c9707742616ae7e433ae05509ac044b19e7487ba1cf79d3",
      "dependencies": [
        "jsr:@deno/kv-utils",
        "jsr:@std/assert",
        "jsr:@std/bytes@1",
        "jsr:@std/crypto",
        "jsr:@std/encoding@1",
        "jsr:@std/media-types"
      ]
    },
    "@std/assert@1.0.13": {
      "integrity": "ae0d31e41919b12c656c742b22522c32fb26ed0cba32975cb0de2a273cb68b29"
    },
    "@std/bytes@1.0.6": {
      "integrity": "f6ac6adbd8ccd99314045f5703e23af0a68d7f7e58364b47d2c7f408aeb5820a"
    },
    "@std/cli@1.0.19": {
      "integrity": "b3601a54891f89f3f738023af11960c4e6f7a45dc76cde39a6861124cba79e88"
    },
    "@std/crypto@1.0.5": {
      "integrity": "0dcfbb319fe0bba1bd3af904ceb4f948cde1b92979ec1614528380ed308a3b40"
    },
    "@std/encoding@1.0.10": {
      "integrity": "8783c6384a2d13abd5e9e87a7ae0520a30e9f56aeeaa3bdf910a3eaaf5c811a1"
    },
    "@std/media-types@1.1.0": {
      "integrity": "c9d093f0c05c3512932b330e3cc1fe1d627b301db33a4c2c2185c02471d6eaa4"
    }
  },
  "npm": {
    "@atcute/atproto@3.1.0": {
      "integrity": "sha512-aJbDsY7FcIh8APWKAimBtshPwqoRE056tc0UV6vw4TW4e3nYaHedoJmKhlh/k8KQWxyw64MQThNGMaC89HNoTg==",
      "dependencies": [
        "@atcute/lexicons"
      ]
    },
    "@atcute/bluesky-threading@5.0.3": {
      "integrity": "sha512-WtKgWpDWYXpWInIWxzELT/rTPjPgwDc8k0Fy7r5t7kSaWj966DBRZSGm1vwWI/0Ly+mA0qDjzNPyQJ68KS3IYQ==",
      "dependencies": [
        "@atcute/atproto",
        "@atcute/bluesky",
        "@atcute/cbor",
        "@atcute/cid",
        "@atcute/client",
        "@atcute/lexicons",
        "@atcute/tid"
      ]
    },
    "@atcute/bluesky@3.1.1": {
      "integrity": "sha512-CyUKfYnl6Uh5esmlr7D3gYV4cq94gA0BjbsOZI2RBpG+UxAlghs/kBPrJQQGZkuYHzuyelmQNS1gALuJjjfhVg==",
      "dependencies": [
        "@atcute/atproto",
        "@atcute/lexicons"
      ]
    },
    "@atcute/cbor@2.2.4": {
      "integrity": "sha512-8Y/OTM8zs5VInOCjfx4f9Idiiz7ygM/FkfWv/HW3/ZUsXczn1xk7GzTBbm4P5crn4C5luwDGpO7FwClMOERrow==",
      "dependencies": [
        "@atcute/cid",
        "@atcute/multibase",
        "@atcute/uint8array"
      ]
    },
    "@atcute/cid@2.2.3": {
      "integrity": "sha512-WEzNSL1EuCVtCQDFYEBIm4dEP6PcMEwi8IYUVIWvT77eO5EjY58F63z5T4qMABxSBM0+L4kqMxypdL1Fzf6LZw==",
      "dependencies": [
        "@atcute/multibase",
        "@atcute/uint8array"
      ]
    },
    "@atcute/client@4.0.3": {
      "integrity": "sha512-RIOZWFVLca/HiPAAUDqQPOdOreCxTbL5cb+WUf5yqQOKIu5yEAP3eksinmlLmgIrlr5qVOE7brazUUzaskFCfw==",
      "dependencies": [
        "@atcute/identity",
        "@atcute/lexicons"
      ]
    },
    "@atcute/identity@1.0.2": {
      "integrity": "sha512-SrDPHuEarEHj9bx7NfYn7DYG6kIgJIMRU581iOCIaVaiZ1WhE9D8QxTxeYG/rbGNSa85E891ECp1sQcKiBN0kg==",
      "dependencies": [
        "@atcute/lexicons",
        "@badrap/valita"
      ]
    },
    "@atcute/lexicons@1.0.4": {
      "integrity": "sha512-VyGJuGKAIeE+71UT9aSMJJdvfxfXsdsGMG9acv9rnGT7enVy4TD5XoYQy7TCHZ4YpxXzuHkqjyAqBz95c4WkRg==",
      "dependencies": [
        "esm-env"
      ]
    },
    "@atcute/multibase@1.1.4": {
      "integrity": "sha512-NUf5AeeSOmuZHGU+4GAaMtISJoG+ZHtW/vUVA4lK/YDt/7LODAW0Fd0NNIIUPVUoW0xJS6zSEIWvwLLuxmEHhA==",
      "dependencies": [
        "@atcute/uint8array"
      ]
    },
    "@atcute/tid@1.0.2": {
      "integrity": "sha512-ahmjroNyeDPJhtuf3+HTJropaH04HmJ8fhntDu73Gpz/RkAF7+nkz6kcP2QTgfvMCgMPAJUdskAAP82GPDTY9w=="
    },
    "@atcute/uint8array@1.0.3": {
      "integrity": "sha512-M/K+ihiVW8Pl2PFLzaC4E3l4JaZ1IH05Q0AbPWUC4cVHnd/gZ/1kAF5ngdtGvJeDMirHZ2VAy7OmAsPwR/2nlA=="
    },
    "@badrap/valita@0.4.5": {
      "integrity": "sha512-4QwGbuhh/JesHRQj79mO/l37PvJj4l/tlAu7+S1n4h47qwaNpZ0WDvIwUGLYUsdi9uQ5UPpiG9wb1Wm3XUFBUQ=="
    },
    "@hono/zod-validator@0.5.0_hono@4.7.11_zod@3.25.55": {
      "integrity": "sha512-ds5bW6DCgAnNHP33E3ieSbaZFd5dkV52ZjyaXtGoR06APFrCtzAsKZxTHwOrJNBdXsi0e5wNwo5L4nVEVnJUdg==",
      "dependencies": [
        "hono",
        "zod"
      ]
    },
    "asynckit@0.4.0": {
      "integrity": "sha512-Oei9OH4tRh0YqU3GxhX79dM/mwVgvbZJaSNaRk+bshkj0S5cfHcgYakreBjrHwatXKbz+IoIdYLxrKim2MjW0Q=="
    },
    "axios@1.9.0": {
      "integrity": "sha512-re4CqKTJaURpzbLHtIi6XpDv20/CnpXOtjRY5/CU32L8gU8ek9UIivcfvSWvmKEngmVbrUtPpdDwWDWL7DNHvg==",
      "dependencies": [
        "follow-redirects",
        "form-data",
        "proxy-from-env"
      ]
    },
    "call-bind-apply-helpers@1.0.2": {
      "integrity": "sha512-Sp1ablJ0ivDkSzjcaJdxEunN5/XvksFJ2sMBFfq6x0ryhQV/2b/KwFe21cMpmHtPOSij8K99/wSfoEuTObmuMQ==",
      "dependencies": [
        "es-errors",
        "function-bind"
      ]
    },
    "combined-stream@1.0.8": {
      "integrity": "sha512-FQN4MRfuJeHf7cBbBMJFXhKSDq+2kAArBlmRBvcvFE5BB1HZKXtSFASDhdlz9zOYwxh8lDdnvmMOe/+5cdoEdg==",
      "dependencies": [
        "delayed-stream"
      ]
    },
    "delayed-stream@1.0.0": {
      "integrity": "sha512-ZySD7Nf91aLB0RxL4KGrKHBXl7Eds1DAmEdcoVawXnLD7SDhpNgtuII2aAkg7a7QS41jxPSZ17p4VdGnMHk3MQ=="
    },
    "dunder-proto@1.0.1": {
      "integrity": "sha512-KIN/nDJBQRcXw0MLVhZE9iQHmG68qAVIBg9CqmUYjmQIhgij9U5MFvrqkUL5FbtyyzZuOeOt0zdeRe4UY7ct+A==",
      "dependencies": [
        "call-bind-apply-helpers",
        "es-errors",
        "gopd"
      ]
    },
    "es-define-property@1.0.1": {
      "integrity": "sha512-e3nRfgfUZ4rNGL232gUgX06QNyyez04KdjFrF+LTRoOXmrOgFKDg4BCdsjW8EnT69eqdYGmRpJwiPVYNrCaW3g=="
    },
    "es-errors@1.3.0": {
      "integrity": "sha512-Zf5H2Kxt2xjTvbJvP2ZWLEICxA6j+hAmMzIlypy4xcBg1vKVnx89Wy0GbS+kf5cwCVFFzdCFh2XSCFNULS6csw=="
    },
    "es-object-atoms@1.1.1": {
      "integrity": "sha512-FGgH2h8zKNim9ljj7dankFPcICIK9Cp5bm+c2gQSYePhpaG5+esrLODihIorn+Pe6FGJzWhXQotPv73jTaldXA==",
      "dependencies": [
        "es-errors"
      ]
    },
    "es-set-tostringtag@2.1.0": {
      "integrity": "sha512-j6vWzfrGVfyXxge+O0x5sh6cvxAog0a/4Rdd2K36zCMV5eJ+/+tOAngRO8cODMNWbVRdVlmGZQL2YS3yR8bIUA==",
      "dependencies": [
        "es-errors",
        "get-intrinsic",
        "has-tostringtag",
        "hasown"
      ]
    },
    "esm-env@1.2.2": {
      "integrity": "sha512-Epxrv+Nr/CaL4ZcFGPJIYLWFom+YeV1DqMLHJoEd9SYRxNbaFruBwfEX/kkHUJf55j2+TUbmDcmuilbP1TmXHA=="
    },
    "follow-redirects@1.15.9": {
      "integrity": "sha512-gew4GsXizNgdoRyqmyfMHyAmXsZDk6mHkSxZFCzW9gwlbtOW44CDtYavM+y+72qD/Vq2l550kMF52DT8fOLJqQ=="
    },
    "form-data@4.0.3": {
      "integrity": "sha512-qsITQPfmvMOSAdeyZ+12I1c+CKSstAFAwu+97zrnWAbIr5u8wfsExUzCesVLC8NgHuRUqNN4Zy6UPWUTRGslcA==",
      "dependencies": [
        "asynckit",
        "combined-stream",
        "es-set-tostringtag",
        "hasown",
        "mime-types"
      ]
    },
    "function-bind@1.1.2": {
      "integrity": "sha512-7XHNxH7qX9xG5mIwxkhumTox/MIRNcOgDrxWsMt2pAr23WHp6MrRlN7FBSFpCpr+oVO0F744iUgR82nJMfG2SA=="
    },
    "get-intrinsic@1.3.0": {
      "integrity": "sha512-9fSjSaos/fRIVIp+xSJlE6lfwhES7LNtKaCBIamHsjr2na1BiABJPo0mOjjz8GJDURarmCPGqaiVg5mfjb98CQ==",
      "dependencies": [
        "call-bind-apply-helpers",
        "es-define-property",
        "es-errors",
        "es-object-atoms",
        "function-bind",
        "get-proto",
        "gopd",
        "has-symbols",
        "hasown",
        "math-intrinsics"
      ]
    },
    "get-proto@1.0.1": {
      "integrity": "sha512-sTSfBjoXBp89JvIKIefqw7U2CCebsc74kiY6awiGogKtoSGbgjYE/G/+l9sF3MWFPNc9IcoOC4ODfKHfxFmp0g==",
      "dependencies": [
        "dunder-proto",
        "es-object-atoms"
      ]
    },
    "gopd@1.2.0": {
      "integrity": "sha512-ZUKRh6/kUFoAiTAtTYPZJ3hw9wNxx+BIBOijnlG9PnrJsCcSjs1wyyD6vJpaYtgnzDrKYRSqf3OO6Rfa93xsRg=="
    },
    "has-symbols@1.1.0": {
      "integrity": "sha512-1cDNdwJ2Jaohmb3sg4OmKaMBwuC48sYni5HUw2DvsC8LjGTLK9h+eb1X6RyuOHe4hT0ULCW68iomhjUoKUqlPQ=="
    },
    "has-tostringtag@1.0.2": {
      "integrity": "sha512-NqADB8VjPFLM2V0VvHUewwwsw0ZWBaIdgo+ieHtK3hasLz4qeCRjYcqfB6AQrBggRKppKF8L52/VqdVsO47Dlw==",
      "dependencies": [
        "has-symbols"
      ]
    },
    "hasown@2.0.2": {
      "integrity": "sha512-0hJU9SCPvmMzIBdZFqNPXWa6dqh7WdH0cII9y+CyS8rG3nL48Bclra9HmKhVVUHyPWNH5Y7xDwAB7bfgSjkUMQ==",
      "dependencies": [
        "function-bind"
      ]
    },
    "hono@4.7.11": {
      "integrity": "sha512-rv0JMwC0KALbbmwJDEnxvQCeJh+xbS3KEWW5PC9cMJ08Ur9xgatI0HmtgYZfOdOSOeYsp5LO2cOhdI8cLEbDEQ=="
    },
    "limiter@3.0.0": {
      "integrity": "sha512-hev7DuXojsTFl2YwyzUJMDnZ/qBDd3yZQLSH3aD4tdL1cqfc3TMnoecEJtWFaQFdErZsKoFMBTxF/FBSkgDbEg=="
    },
    "math-intrinsics@1.1.0": {
      "integrity": "sha512-/IXtbwEk5HTPyEwyKX6hGkYXxM9nbj64B+ilVJnC/R6B0pH5G4V3b0pVbL7DBj4tkhBAppbQUlf6F6Xl9LHu1g=="
    },
    "mime-db@1.52.0": {
      "integrity": "sha512-sPU4uV7dYlvtWJxwwxHD0PuihVNiE7TyAbQ5SWxDCB9mUYvOgroQOwYQQOKPJ8CIbE+1ETVlOoK1UC2nU3gYvg=="
    },
    "mime-types@2.1.35": {
      "integrity": "sha512-ZDY+bPm5zTTF+YpCrAU9nK0UgICYPT0QtT1NZWFv4s++TNkcgVaT0g6+4R2uI4MjQjzysHB1zxuWL50hzaeXiw==",
      "dependencies": [
        "mime-db"
      ]
    },
    "openai@5.1.1_zod@3.25.55": {
      "integrity": "sha512-lgIdLqvpLpz8xPUKcEIV6ml+by74mbSBz8zv/AHHebtLn/WdpH4kdXT3/Q5uUKDHg3vHV/z9+G9wZINRX6rkDg==",
      "dependencies": [
        "zod"
      ],
      "optionalPeers": [
        "zod"
      ],
      "bin": true
    },
    "postmark@4.0.5": {
      "integrity": "sha512-nerZdd3TwOH4CgGboZnlUM/q7oZk0EqpZgJL+Y3Nup8kHeaukxouQ6JcFF3EJEijc4QbuNv1TefGhboAKtf/SQ==",
      "dependencies": [
        "axios"
      ]
    },
    "proxy-from-env@1.1.0": {
      "integrity": "sha512-D+zkORCbA9f1tdWRK0RaCR3GPv50cMxcrz4X8k5LTSUD1Dkw47mKJEZQNunItRTkWwgtaUSo1RVFRIG9ZXiFYg=="
    },
    "zod@3.25.55": {
      "integrity": "sha512-219huNnkSLQnLsQ3uaRjXsxMrVm5C9W3OOpEVt2k5tvMKuA8nBSu38e0B//a+he9Iq2dvmk2VyYVlHqiHa4YBA=="
    }
  },
  "workspace": {
    "members": {
      "employee-jabber": {
        "dependencies": [
          "jsr:@kitsonk/kv-toolbox@~0.28.1",
          "jsr:@std/encoding@^1.0.10",
          "npm:@atcute/atproto@^3.0.2",
          "npm:@atcute/bluesky-threading@^5.0.3",
          "npm:@atcute/client@^4.0.2",
          "npm:@atcute/lexicons@^1.0.4",
          "npm:@hono/zod-validator@0.5",
          "npm:hono@^4.7.11",
          "npm:limiter@3",
          "npm:openai@^5.1.1",
          "npm:postmark@^4.0.5",
          "npm:zod@^3.25.55"
        ]
      },
      "tooling": {
        "dependencies": [
          "jsr:@std/cli@^1.0.17",
          "jsr:@std/encoding@^1.0.10"
        ]
      }
    }
  }
}
